
Microsoft Visual Studio Solution File, Format Version 12.00
# Visual Studio Version 16
VisualStudioVersion = 16.0.29025.244
MinimumVisualStudioVersion = 10.0.40219.1
Project("{F184B08F-C81C-45F6-A57F-5ABD9991F28F}") = "EUD Editor 3", "EUD Editor 3\EUD Editor 3.vbproj", "{E30F3614-51DA-455E-A60E-F2B68E485FE7}"
EndProject
Global
	GlobalSection(SolutionConfigurationPlatforms) = preSolution
		Debug|Any CPU = Debug|Any CPU
		Debug|x64 = Debug|x64
		Debug|x86 = Debug|x86
		Release|Any CPU = Release|Any CPU
		Release|x64 = Release|x64
		Release|x86 = Release|x86
	EndGlobalSection
	GlobalSection(ProjectConfigurationPlatforms) = postSolution
		{E30F3614-51DA-455E-A60E-F2B68E485FE7}.Debug|Any CPU.ActiveCfg = Debug|Any CPU
		{E30F3614-51DA-455E-A60E-F2B68E485FE7}.Debug|Any CPU.Build.0 = Debug|Any CPU
		{E30F3614-51DA-455E-A60E-F2B68E485FE7}.Debug|x64.ActiveCfg = Debug|x64
		{E30F3614-51DA-455E-A60E-F2B68E485FE7}.Debug|x64.Build.0 = Debug|x64
		{E30F3614-51DA-455E-A60E-F2B68E485FE7}.Debug|x86.ActiveCfg = Debug|x86
		{E30F3614-51DA-455E-A60E-F2B68E485FE7}.Debug|x86.Build.0 = Debug|x86
		{E30F3614-51DA-455E-A60E-F2B68E485FE7}.Release|Any CPU.ActiveCfg = Release|x86
		{E30F3614-51DA-455E-A60E-F2B68E485FE7}.Release|Any CPU.Build.0 = Release|x86
		{E30F3614-51DA-455E-A60E-F2B68E485FE7}.Release|x64.ActiveCfg = Release|x64
		{E30F3614-51DA-455E-A60E-F2B68E485FE7}.Release|x64.Build.0 = Release|x64
		{E30F3614-51DA-455E-A60E-F2B68E485FE7}.Release|x86.ActiveCfg = Release|x86
		{E30F3614-51DA-455E-A60E-F2B68E485FE7}.Release|x86.Build.0 = Release|x86
	EndGlobalSection
	GlobalSection(SolutionProperties) = preSolution
		HideSolutionNode = FALSE
	EndGlobalSection
	GlobalSection(ExtensibilityGlobals) = postSolution
		SolutionGuid = {7EA0C960-B3A3-4D24-A086-2B2473324CFC}
	EndGlobalSection
EndGlobal
